
Microsoft Visual Studio Solution File, Format Version 12.00
# Visual Studio Version 17
VisualStudioVersion = 17.9.34607.119
MinimumVisualStudioVersion = 10.0.40219.1
Project("{9A19103F-16F7-4668-BE54-9A1E7A4F7556}") = "TestServer", "TestServer\TestServer.csproj", "{0AD8ABF0-2AEA-401F-9A08-463F0293209A}"
EndProject
Project("{9A19103F-16F7-4668-BE54-9A1E7A4F7556}") = "PlotterDbLib", "PlotterDbLib\PlotterDbLib.csproj", "{2989919A-3321-467D-9DDF-69DC2E238793}"
EndProject
Project("{9A19103F-16F7-4668-BE54-9A1E7A4F7556}") = "Project_UI", "Project_UI\Project_UI.csproj", "{226ED776-292D-409E-855C-6CE0ACF5EDAB}"
EndProject
Global
	GlobalSection(SolutionConfigurationPlatforms) = preSolution
		Debug|Any CPU = Debug|Any CPU
		Release|Any CPU = Release|Any CPU
	EndGlobalSection
	GlobalSection(ProjectConfigurationPlatforms) = postSolution
		{0AD8ABF0-2AEA-401F-9A08-463F0293209A}.Debug|Any CPU.ActiveCfg = Debug|Any CPU
		{0AD8ABF0-2AEA-401F-9A08-463F0293209A}.Debug|Any CPU.Build.0 = Debug|Any CPU
		{0AD8ABF0-2AEA-401F-9A08-463F0293209A}.Release|Any CPU.ActiveCfg = Release|Any CPU
		{0AD8ABF0-2AEA-401F-9A08-463F0293209A}.Release|Any CPU.Build.0 = Release|Any CPU
		{2989919A-3321-467D-9DDF-69DC2E238793}.Debug|Any CPU.ActiveCfg = Debug|Any CPU
		{2989919A-3321-467D-9DDF-69DC2E238793}.Debug|Any CPU.Build.0 = Debug|Any CPU
		{2989919A-3321-467D-9DDF-69DC2E238793}.Release|Any CPU.ActiveCfg = Release|Any CPU
		{2989919A-3321-467D-9DDF-69DC2E238793}.Release|Any CPU.Build.0 = Release|Any CPU
		{226ED776-292D-409E-855C-6CE0ACF5EDAB}.Debug|Any CPU.ActiveCfg = Debug|Any CPU
		{226ED776-292D-409E-855C-6CE0ACF5EDAB}.Debug|Any CPU.Build.0 = Debug|Any CPU
		{226ED776-292D-409E-855C-6CE0ACF5EDAB}.Release|Any CPU.ActiveCfg = Release|Any CPU
		{226ED776-292D-409E-855C-6CE0ACF5EDAB}.Release|Any CPU.Build.0 = Release|Any CPU
	EndGlobalSection
	GlobalSection(SolutionProperties) = preSolution
		HideSolutionNode = FALSE
	EndGlobalSection
	GlobalSection(ExtensibilityGlobals) = postSolution
		SolutionGuid = {C2F7135F-165C-40F0-9619-7101533A4875}
	EndGlobalSection
EndGlobal
