
Microsoft Visual Studio Solution File, Format Version 12.00
# Visual Studio Version 17
VisualStudioVersion = 17.14.36221.1 d17.14
MinimumVisualStudioVersion = 10.0.40219.1
Project("{FAE04EC0-301F-11D3-BF4B-00C04F79EFBC}") = "Project_UI", "Project_UI\Project_UI.csproj", "{002D7B3A-75BF-447B-AED4-ED7FEC70B33A}"
EndProject
Global
	GlobalSection(SolutionConfigurationPlatforms) = preSolution
		Debug|Any CPU = Debug|Any CPU
		Release|Any CPU = Release|Any CPU
	EndGlobalSection
	GlobalSection(ProjectConfigurationPlatforms) = postSolution
		{002D7B3A-75BF-447B-AED4-ED7FEC70B33A}.Debug|Any CPU.ActiveCfg = Debug|Any CPU
		{002D7B3A-75BF-447B-AED4-ED7FEC70B33A}.Debug|Any CPU.Build.0 = Debug|Any CPU
		{002D7B3A-75BF-447B-AED4-ED7FEC70B33A}.Release|Any CPU.ActiveCfg = Release|Any CPU
		{002D7B3A-75BF-447B-AED4-ED7FEC70B33A}.Release|Any CPU.Build.0 = Release|Any CPU
	EndGlobalSection
	GlobalSection(SolutionProperties) = preSolution
		HideSolutionNode = FALSE
	EndGlobalSection
	GlobalSection(ExtensibilityGlobals) = postSolution
		SolutionGuid = {F43C6A39-2573-4896-AF70-3BB8F3AA59CA}
	EndGlobalSection
EndGlobal
